// !$*UTF8*$!
{
	archiveVersion = 1;
	classes = {
	};
	objectVersion = 46;
	objects = {

/* Begin PBXBuildFile section */
		6DCB17A31CB9E58B003C8604 /* AVFoundation.framework in Frameworks */ = {isa = PBXBuildFile; fileRef = 6DCB17A21CB9E58B003C8604 /* AVFoundation.framework */; };
		6DCB17A91CB9EA8E003C8604 /* CustomizableCamera in Resources */ = {isa = PBXBuildFile; fileRef = 6DCB17A81CB9EA8E003C8604 /* CustomizableCamera */; };
		6DCB17AE1CB9F5CB003C8604 /* CameraSessionView.m in Sources */ = {isa = PBXBuildFile; fileRef = 6DCB17AD1CB9F5CB003C8604 /* CameraSessionView.m */; };
		6DCB17B01CB9F5DC003C8604 /* CaptureSessionManager.m in Sources */ = {isa = PBXBuildFile; fileRef = 6DCB17AF1CB9F5DC003C8604 /* CaptureSessionManager.m */; };
		6DCB17B21CB9F5E4003C8604 /* CameraStyleKitClass.m in Sources */ = {isa = PBXBuildFile; fileRef = 6DCB17B11CB9F5E4003C8604 /* CameraStyleKitClass.m */; };
		6DCB17BA1CB9F610003C8604 /* CameraDismissButton.m in Sources */ = {isa = PBXBuildFile; fileRef = 6DCB17B31CB9F610003C8604 /* CameraDismissButton.m */; };
		6DCB17BB1CB9F610003C8604 /* CameraFlashButton.m in Sources */ = {isa = PBXBuildFile; fileRef = 6DCB17B41CB9F610003C8604 /* CameraFlashButton.m */; };
		6DCB17BC1CB9F610003C8604 /* CameraFocalReticule.m in Sources */ = {isa = PBXBuildFile; fileRef = 6DCB17B51CB9F610003C8604 /* CameraFocalReticule.m */; };
		6DCB17BD1CB9F610003C8604 /* CameraShutterButton.m in Sources */ = {isa = PBXBuildFile; fileRef = 6DCB17B61CB9F610003C8604 /* CameraShutterButton.m */; };
		6DCB17BE1CB9F610003C8604 /* CameraToggleButton.m in Sources */ = {isa = PBXBuildFile; fileRef = 6DCB17B71CB9F610003C8604 /* CameraToggleButton.m */; };
		6DCB17BF1CB9F610003C8604 /* LaunchCameraButton.m in Sources */ = {isa = PBXBuildFile; fileRef = 6DCB17B81CB9F610003C8604 /* LaunchCameraButton.m */; };
		6DCB17C01CB9F610003C8604 /* Constants.m in Sources */ = {isa = PBXBuildFile; fileRef = 6DCB17B91CB9F610003C8604 /* Constants.m */; };
		6DCB17C21CB9F6B1003C8604 /* DefaultController.swift in Sources */ = {isa = PBXBuildFile; fileRef = 6DCB17C11CB9F6B1003C8604 /* DefaultController.swift */; };
		6DCB17CD1CBA3018003C8604 /* SearchController.swift in Sources */ = {isa = PBXBuildFile; fileRef = 6DCB17CC1CBA3018003C8604 /* SearchController.swift */; };
		6DCB17D61CBA5555003C8604 /* MapViewController.m in Sources */ = {isa = PBXBuildFile; fileRef = 6DCB17D11CBA5555003C8604 /* MapViewController.m */; };
		6DCB17D71CBA5555003C8604 /* MyTableViewController.m in Sources */ = {isa = PBXBuildFile; fileRef = 6DCB17D31CBA5555003C8604 /* MyTableViewController.m */; };
		6DCB17D81CBA5555003C8604 /* PlaceAnnotation.m in Sources */ = {isa = PBXBuildFile; fileRef = 6DCB17D51CBA5555003C8604 /* PlaceAnnotation.m */; };
		6DF3EEA81CB8CA410098A6DB /* AppDelegate.swift in Sources */ = {isa = PBXBuildFile; fileRef = 6DF3EEA71CB8CA410098A6DB /* AppDelegate.swift */; };
		6DF3EEAA1CB8CA410098A6DB /* ViewController.swift in Sources */ = {isa = PBXBuildFile; fileRef = 6DF3EEA91CB8CA410098A6DB /* ViewController.swift */; };
		6DF3EEAD1CB8CA410098A6DB /* Main.storyboard in Resources */ = {isa = PBXBuildFile; fileRef = 6DF3EEAB1CB8CA410098A6DB /* Main.storyboard */; };
		6DF3EEAF1CB8CA410098A6DB /* Assets.xcassets in Resources */ = {isa = PBXBuildFile; fileRef = 6DF3EEAE1CB8CA410098A6DB /* Assets.xcassets */; };
		6DF3EEB21CB8CA410098A6DB /* LaunchScreen.storyboard in Resources */ = {isa = PBXBuildFile; fileRef = 6DF3EEB01CB8CA410098A6DB /* LaunchScreen.storyboard */; };
		6DF3EEBD1CB8CA410098A6DB /* RecycleM8Tests.swift in Sources */ = {isa = PBXBuildFile; fileRef = 6DF3EEBC1CB8CA410098A6DB /* RecycleM8Tests.swift */; };
		6DF3EEC81CB8CA410098A6DB /* RecycleM8UITests.swift in Sources */ = {isa = PBXBuildFile; fileRef = 6DF3EEC71CB8CA410098A6DB /* RecycleM8UITests.swift */; };
		6DF3EED61CB901B90098A6DB /* MapViewController.swift in Sources */ = {isa = PBXBuildFile; fileRef = 6DF3EED51CB901B90098A6DB /* MapViewController.swift */; };
		6DF3EED91CB90DF70098A6DB /* DetermineItemController.swift in Sources */ = {isa = PBXBuildFile; fileRef = 6DF3EED71CB90BCE0098A6DB /* DetermineItemController.swift */; };
		6DF3EEDD1CB94FCA0098A6DB /* vvCustomTableViewCell.xib in Resources */ = {isa = PBXBuildFile; fileRef = 6DF3EEDC1CB94FCA0098A6DB /* vvCustomTableViewCell.xib */; };
		6DF3EEE11CB9B2C10098A6DB /* CustomTableViewCell.swift in Sources */ = {isa = PBXBuildFile; fileRef = 6DF3EEE01CB9B2C10098A6DB /* CustomTableViewCell.swift */; };
		73BD529F852D8F72C61BEF24 /* libPods.a in Frameworks */ = {isa = PBXBuildFile; fileRef = 9082AB041F0E16DE9F610B46 /* libPods.a */; };
/* End PBXBuildFile section */

/* Begin PBXContainerItemProxy section */
		6DF3EEB91CB8CA410098A6DB /* PBXContainerItemProxy */ = {
			isa = PBXContainerItemProxy;
			containerPortal = 6DF3EE9C1CB8CA410098A6DB /* Project object */;
			proxyType = 1;
			remoteGlobalIDString = 6DF3EEA31CB8CA410098A6DB;
			remoteInfo = RecycleM8;
		};
		6DF3EEC41CB8CA410098A6DB /* PBXContainerItemProxy */ = {
			isa = PBXContainerItemProxy;
			containerPortal = 6DF3EE9C1CB8CA410098A6DB /* Project object */;
			proxyType = 1;
			remoteGlobalIDString = 6DF3EEA31CB8CA410098A6DB;
			remoteInfo = RecycleM8;
		};
/* End PBXContainerItemProxy section */

/* Begin PBXFileReference section */
		38EC0958608EE773540BA714 /* Pods.release.xcconfig */ = {isa = PBXFileReference; includeInIndex = 1; lastKnownFileType = text.xcconfig; name = Pods.release.xcconfig; path = "Pods/Target Support Files/Pods/Pods.release.xcconfig"; sourceTree = "<group>"; };
		6DCB17A21CB9E58B003C8604 /* AVFoundation.framework */ = {isa = PBXFileReference; lastKnownFileType = wrapper.framework; name = AVFoundation.framework; path = System/Library/Frameworks/AVFoundation.framework; sourceTree = SDKROOT; };
		6DCB17A81CB9EA8E003C8604 /* CustomizableCamera */ = {isa = PBXFileReference; lastKnownFileType = folder; path = CustomizableCamera; sourceTree = "<group>"; };
		6DCB17AA1CB9EB07003C8604 /* CustomizableCamera-Bridging-Header.h */ = {isa = PBXFileReference; lastKnownFileType = sourcecode.c.h; path = "CustomizableCamera-Bridging-Header.h"; sourceTree = "<group>"; };
		6DCB17AD1CB9F5CB003C8604 /* CameraSessionView.m */ = {isa = PBXFileReference; fileEncoding = 4; lastKnownFileType = sourcecode.c.objc; name = CameraSessionView.m; path = "CustomizableCamera/Camera View/CameraSessionView.m"; sourceTree = "<group>"; };
		6DCB17AF1CB9F5DC003C8604 /* CaptureSessionManager.m */ = {isa = PBXFileReference; fileEncoding = 4; lastKnownFileType = sourcecode.c.objc; name = CaptureSessionManager.m; path = "CustomizableCamera/Model Classes/CaptureSessionManager.m"; sourceTree = "<group>"; };
		6DCB17B11CB9F5E4003C8604 /* CameraStyleKitClass.m */ = {isa = PBXFileReference; fileEncoding = 4; lastKnownFileType = sourcecode.c.objc; name = CameraStyleKitClass.m; path = "CustomizableCamera/Graphical Assets/UI Assets/CameraStyleKitClass.m"; sourceTree = "<group>"; };
		6DCB17B31CB9F610003C8604 /* CameraDismissButton.m */ = {isa = PBXFileReference; fileEncoding = 4; lastKnownFileType = sourcecode.c.objc; name = CameraDismissButton.m; path = "CustomizableCamera/Graphical Assets/CameraViewComponents/CameraDismissButton.m"; sourceTree = "<group>"; };
		6DCB17B41CB9F610003C8604 /* CameraFlashButton.m */ = {isa = PBXFileReference; fileEncoding = 4; lastKnownFileType = sourcecode.c.objc; name = CameraFlashButton.m; path = "CustomizableCamera/Graphical Assets/CameraViewComponents/CameraFlashButton.m"; sourceTree = "<group>"; };
		6DCB17B51CB9F610003C8604 /* CameraFocalReticule.m */ = {isa = PBXFileReference; fileEncoding = 4; lastKnownFileType = sourcecode.c.objc; name = CameraFocalReticule.m; path = "CustomizableCamera/Graphical Assets/CameraViewComponents/CameraFocalReticule.m"; sourceTree = "<group>"; };
		6DCB17B61CB9F610003C8604 /* CameraShutterButton.m */ = {isa = PBXFileReference; fileEncoding = 4; lastKnownFileType = sourcecode.c.objc; name = CameraShutterButton.m; path = "CustomizableCamera/Graphical Assets/CameraViewComponents/CameraShutterButton.m"; sourceTree = "<group>"; };
		6DCB17B71CB9F610003C8604 /* CameraToggleButton.m */ = {isa = PBXFileReference; fileEncoding = 4; lastKnownFileType = sourcecode.c.objc; name = CameraToggleButton.m; path = "CustomizableCamera/Graphical Assets/CameraViewComponents/CameraToggleButton.m"; sourceTree = "<group>"; };
		6DCB17B81CB9F610003C8604 /* LaunchCameraButton.m */ = {isa = PBXFileReference; fileEncoding = 4; lastKnownFileType = sourcecode.c.objc; name = LaunchCameraButton.m; path = "CustomizableCamera/Graphical Assets/CameraViewComponents/LaunchCameraButton.m"; sourceTree = "<group>"; };
		6DCB17B91CB9F610003C8604 /* Constants.m */ = {isa = PBXFileReference; fileEncoding = 4; lastKnownFileType = sourcecode.c.objc; name = Constants.m; path = "CustomizableCamera/Model Classes/Constants.m"; sourceTree = "<group>"; };
		6DCB17C11CB9F6B1003C8604 /* DefaultController.swift */ = {isa = PBXFileReference; fileEncoding = 4; lastKnownFileType = sourcecode.swift; path = DefaultController.swift; sourceTree = "<group>"; };
		6DCB17CC1CBA3018003C8604 /* SearchController.swift */ = {isa = PBXFileReference; fileEncoding = 4; lastKnownFileType = sourcecode.swift; path = SearchController.swift; sourceTree = "<group>"; };
		6DCB17D01CBA5555003C8604 /* MapViewController.h */ = {isa = PBXFileReference; fileEncoding = 4; lastKnownFileType = sourcecode.c.h; path = MapViewController.h; sourceTree = "<group>"; };
		6DCB17D11CBA5555003C8604 /* MapViewController.m */ = {isa = PBXFileReference; fileEncoding = 4; lastKnownFileType = sourcecode.c.objc; path = MapViewController.m; sourceTree = "<group>"; };
		6DCB17D21CBA5555003C8604 /* MyTableViewController.h */ = {isa = PBXFileReference; fileEncoding = 4; lastKnownFileType = sourcecode.c.h; path = MyTableViewController.h; sourceTree = "<group>"; };
		6DCB17D31CBA5555003C8604 /* MyTableViewController.m */ = {isa = PBXFileReference; fileEncoding = 4; lastKnownFileType = sourcecode.c.objc; path = MyTableViewController.m; sourceTree = "<group>"; };
		6DCB17D41CBA5555003C8604 /* PlaceAnnotation.h */ = {isa = PBXFileReference; fileEncoding = 4; lastKnownFileType = sourcecode.c.h; path = PlaceAnnotation.h; sourceTree = "<group>"; };
		6DCB17D51CBA5555003C8604 /* PlaceAnnotation.m */ = {isa = PBXFileReference; fileEncoding = 4; lastKnownFileType = sourcecode.c.objc; path = PlaceAnnotation.m; sourceTree = "<group>"; };
		6DF3EEA41CB8CA410098A6DB /* RecycleM8.app */ = {isa = PBXFileReference; explicitFileType = wrapper.application; includeInIndex = 0; path = RecycleM8.app; sourceTree = BUILT_PRODUCTS_DIR; };
		6DF3EEA71CB8CA410098A6DB /* AppDelegate.swift */ = {isa = PBXFileReference; lastKnownFileType = sourcecode.swift; path = AppDelegate.swift; sourceTree = "<group>"; };
		6DF3EEA91CB8CA410098A6DB /* ViewController.swift */ = {isa = PBXFileReference; lastKnownFileType = sourcecode.swift; path = ViewController.swift; sourceTree = "<group>"; };
		6DF3EEAC1CB8CA410098A6DB /* Base */ = {isa = PBXFileReference; lastKnownFileType = file.storyboard; name = Base; path = Base.lproj/Main.storyboard; sourceTree = "<group>"; };
		6DF3EEAE1CB8CA410098A6DB /* Assets.xcassets */ = {isa = PBXFileReference; lastKnownFileType = folder.assetcatalog; path = Assets.xcassets; sourceTree = "<group>"; };
		6DF3EEB11CB8CA410098A6DB /* Base */ = {isa = PBXFileReference; lastKnownFileType = file.storyboard; name = Base; path = Base.lproj/LaunchScreen.storyboard; sourceTree = "<group>"; };
		6DF3EEB31CB8CA410098A6DB /* Info.plist */ = {isa = PBXFileReference; lastKnownFileType = text.plist.xml; path = Info.plist; sourceTree = "<group>"; };
		6DF3EEB81CB8CA410098A6DB /* RecycleM8Tests.xctest */ = {isa = PBXFileReference; explicitFileType = wrapper.cfbundle; includeInIndex = 0; path = RecycleM8Tests.xctest; sourceTree = BUILT_PRODUCTS_DIR; };
		6DF3EEBC1CB8CA410098A6DB /* RecycleM8Tests.swift */ = {isa = PBXFileReference; lastKnownFileType = sourcecode.swift; path = RecycleM8Tests.swift; sourceTree = "<group>"; };
		6DF3EEBE1CB8CA410098A6DB /* Info.plist */ = {isa = PBXFileReference; lastKnownFileType = text.plist.xml; path = Info.plist; sourceTree = "<group>"; };
		6DF3EEC31CB8CA410098A6DB /* RecycleM8UITests.xctest */ = {isa = PBXFileReference; explicitFileType = wrapper.cfbundle; includeInIndex = 0; path = RecycleM8UITests.xctest; sourceTree = BUILT_PRODUCTS_DIR; };
		6DF3EEC71CB8CA410098A6DB /* RecycleM8UITests.swift */ = {isa = PBXFileReference; lastKnownFileType = sourcecode.swift; path = RecycleM8UITests.swift; sourceTree = "<group>"; };
		6DF3EEC91CB8CA410098A6DB /* Info.plist */ = {isa = PBXFileReference; lastKnownFileType = text.plist.xml; path = Info.plist; sourceTree = "<group>"; };
		6DF3EED51CB901B90098A6DB /* MapViewController.swift */ = {isa = PBXFileReference; fileEncoding = 4; lastKnownFileType = sourcecode.swift; path = MapViewController.swift; sourceTree = "<group>"; };
		6DF3EED71CB90BCE0098A6DB /* DetermineItemController.swift */ = {isa = PBXFileReference; fileEncoding = 4; lastKnownFileType = sourcecode.swift; path = DetermineItemController.swift; sourceTree = "<group>"; };
		6DF3EEDC1CB94FCA0098A6DB /* vvCustomTableViewCell.xib */ = {isa = PBXFileReference; fileEncoding = 4; lastKnownFileType = file.xib; path = vvCustomTableViewCell.xib; sourceTree = "<group>"; };
		6DF3EEE01CB9B2C10098A6DB /* CustomTableViewCell.swift */ = {isa = PBXFileReference; fileEncoding = 4; lastKnownFileType = sourcecode.swift; path = CustomTableViewCell.swift; sourceTree = "<group>"; };
		9082AB041F0E16DE9F610B46 /* libPods.a */ = {isa = PBXFileReference; explicitFileType = archive.ar; includeInIndex = 0; path = libPods.a; sourceTree = BUILT_PRODUCTS_DIR; };
		AE6BCB946ADEAF18478615DB /* Pods.debug.xcconfig */ = {isa = PBXFileReference; includeInIndex = 1; lastKnownFileType = text.xcconfig; name = Pods.debug.xcconfig; path = "Pods/Target Support Files/Pods/Pods.debug.xcconfig"; sourceTree = "<group>"; };
/* End PBXFileReference section */

/* Begin PBXFrameworksBuildPhase section */
		6DF3EEA11CB8CA410098A6DB /* Frameworks */ = {
			isa = PBXFrameworksBuildPhase;
			buildActionMask = 2147483647;
			files = (
				6DCB17A31CB9E58B003C8604 /* AVFoundation.framework in Frameworks */,
				73BD529F852D8F72C61BEF24 /* libPods.a in Frameworks */,
			);
			runOnlyForDeploymentPostprocessing = 0;
		};
		6DF3EEB51CB8CA410098A6DB /* Frameworks */ = {
			isa = PBXFrameworksBuildPhase;
			buildActionMask = 2147483647;
			files = (
			);
			runOnlyForDeploymentPostprocessing = 0;
		};
		6DF3EEC01CB8CA410098A6DB /* Frameworks */ = {
			isa = PBXFrameworksBuildPhase;
			buildActionMask = 2147483647;
			files = (
			);
			runOnlyForDeploymentPostprocessing = 0;
		};
/* End PBXFrameworksBuildPhase section */

/* Begin PBXGroup section */
		6DF3EE9B1CB8CA410098A6DB = {
			isa = PBXGroup;
			children = (
				6DF3EEA61CB8CA410098A6DB /* RecycleM8 */,
				6DF3EEBB1CB8CA410098A6DB /* RecycleM8Tests */,
				6DF3EEC61CB8CA410098A6DB /* RecycleM8UITests */,
				6DF3EEA51CB8CA410098A6DB /* Products */,
				B689A8EEB820F3B6BA0AF38F /* Pods */,
				853B13DD547A8CC518553DB2 /* Frameworks */,
			);
			sourceTree = "<group>";
		};
		6DF3EEA51CB8CA410098A6DB /* Products */ = {
			isa = PBXGroup;
			children = (
				6DF3EEA41CB8CA410098A6DB /* RecycleM8.app */,
				6DF3EEB81CB8CA410098A6DB /* RecycleM8Tests.xctest */,
				6DF3EEC31CB8CA410098A6DB /* RecycleM8UITests.xctest */,
			);
			name = Products;
			sourceTree = "<group>";
		};
		6DF3EEA61CB8CA410098A6DB /* RecycleM8 */ = {
			isa = PBXGroup;
			children = (
				6DCB17A81CB9EA8E003C8604 /* CustomizableCamera */,
				6DF3EEA71CB8CA410098A6DB /* AppDelegate.swift */,
				6DCB17AD1CB9F5CB003C8604 /* CameraSessionView.m */,
				6DCB17B31CB9F610003C8604 /* CameraDismissButton.m */,
				6DCB17B41CB9F610003C8604 /* CameraFlashButton.m */,
				6DCB17B51CB9F610003C8604 /* CameraFocalReticule.m */,
				6DCB17B61CB9F610003C8604 /* CameraShutterButton.m */,
				6DCB17B71CB9F610003C8604 /* CameraToggleButton.m */,
				6DCB17B81CB9F610003C8604 /* LaunchCameraButton.m */,
				6DCB17B91CB9F610003C8604 /* Constants.m */,
				6DCB17B11CB9F5E4003C8604 /* CameraStyleKitClass.m */,
				6DCB17D01CBA5555003C8604 /* MapViewController.h */,
				6DCB17D11CBA5555003C8604 /* MapViewController.m */,
				6DCB17D21CBA5555003C8604 /* MyTableViewController.h */,
				6DCB17D31CBA5555003C8604 /* MyTableViewController.m */,
				6DCB17D41CBA5555003C8604 /* PlaceAnnotation.h */,
				6DCB17D51CBA5555003C8604 /* PlaceAnnotation.m */,
				6DF3EEA91CB8CA410098A6DB /* ViewController.swift */,
				6DF3EED51CB901B90098A6DB /* MapViewController.swift */,
				6DCB17AF1CB9F5DC003C8604 /* CaptureSessionManager.m */,
				6DF3EEAB1CB8CA410098A6DB /* Main.storyboard */,
				6DF3EEE01CB9B2C10098A6DB /* CustomTableViewCell.swift */,
				6DF3EED71CB90BCE0098A6DB /* DetermineItemController.swift */,
				6DF3EEAE1CB8CA410098A6DB /* Assets.xcassets */,
				6DF3EEB01CB8CA410098A6DB /* LaunchScreen.storyboard */,
				6DF3EEB31CB8CA410098A6DB /* Info.plist */,
				6DF3EEDC1CB94FCA0098A6DB /* vvCustomTableViewCell.xib */,
				6DCB17AA1CB9EB07003C8604 /* CustomizableCamera-Bridging-Header.h */,
				6DCB17C11CB9F6B1003C8604 /* DefaultController.swift */,
				6DCB17CC1CBA3018003C8604 /* SearchController.swift */,
			);
			path = RecycleM8;
			sourceTree = "<group>";
		};
		6DF3EEBB1CB8CA410098A6DB /* RecycleM8Tests */ = {
			isa = PBXGroup;
			children = (
				6DF3EEBC1CB8CA410098A6DB /* RecycleM8Tests.swift */,
				6DF3EEBE1CB8CA410098A6DB /* Info.plist */,
			);
			path = RecycleM8Tests;
			sourceTree = "<group>";
		};
		6DF3EEC61CB8CA410098A6DB /* RecycleM8UITests */ = {
			isa = PBXGroup;
			children = (
				6DF3EEC71CB8CA410098A6DB /* RecycleM8UITests.swift */,
				6DF3EEC91CB8CA410098A6DB /* Info.plist */,
			);
			path = RecycleM8UITests;
			sourceTree = "<group>";
		};
		853B13DD547A8CC518553DB2 /* Frameworks */ = {
			isa = PBXGroup;
			children = (
				6DCB17A21CB9E58B003C8604 /* AVFoundation.framework */,
				9082AB041F0E16DE9F610B46 /* libPods.a */,
			);
			name = Frameworks;
			sourceTree = "<group>";
		};
		B689A8EEB820F3B6BA0AF38F /* Pods */ = {
			isa = PBXGroup;
			children = (
				AE6BCB946ADEAF18478615DB /* Pods.debug.xcconfig */,
				38EC0958608EE773540BA714 /* Pods.release.xcconfig */,
			);
			name = Pods;
			sourceTree = "<group>";
		};
/* End PBXGroup section */

/* Begin PBXNativeTarget section */
		6DF3EEA31CB8CA410098A6DB /* RecycleM8 */ = {
			isa = PBXNativeTarget;
			buildConfigurationList = 6DF3EECC1CB8CA410098A6DB /* Build configuration list for PBXNativeTarget "RecycleM8" */;
			buildPhases = (
				AE3AB268BD7166924E13CBAB /* Check Pods Manifest.lock */,
				6DF3EEA01CB8CA410098A6DB /* Sources */,
				6DF3EEA11CB8CA410098A6DB /* Frameworks */,
				6DF3EEA21CB8CA410098A6DB /* Resources */,
				EBFF487991DC1302D49D5A6B /* Embed Pods Frameworks */,
				2DAC2226BB7A201B9E65AEDF /* Copy Pods Resources */,
			);
			buildRules = (
			);
			dependencies = (
			);
			name = RecycleM8;
			productName = RecycleM8;
			productReference = 6DF3EEA41CB8CA410098A6DB /* RecycleM8.app */;
			productType = "com.apple.product-type.application";
		};
		6DF3EEB71CB8CA410098A6DB /* RecycleM8Tests */ = {
			isa = PBXNativeTarget;
			buildConfigurationList = 6DF3EECF1CB8CA410098A6DB /* Build configuration list for PBXNativeTarget "RecycleM8Tests" */;
			buildPhases = (
				6DF3EEB41CB8CA410098A6DB /* Sources */,
				6DF3EEB51CB8CA410098A6DB /* Frameworks */,
				6DF3EEB61CB8CA410098A6DB /* Resources */,
			);
			buildRules = (
			);
			dependencies = (
				6DF3EEBA1CB8CA410098A6DB /* PBXTargetDependency */,
			);
			name = RecycleM8Tests;
			productName = RecycleM8Tests;
			productReference = 6DF3EEB81CB8CA410098A6DB /* RecycleM8Tests.xctest */;
			productType = "com.apple.product-type.bundle.unit-test";
		};
		6DF3EEC21CB8CA410098A6DB /* RecycleM8UITests */ = {
			isa = PBXNativeTarget;
			buildConfigurationList = 6DF3EED21CB8CA410098A6DB /* Build configuration list for PBXNativeTarget "RecycleM8UITests" */;
			buildPhases = (
				6DF3EEBF1CB8CA410098A6DB /* Sources */,
				6DF3EEC01CB8CA410098A6DB /* Frameworks */,
				6DF3EEC11CB8CA410098A6DB /* Resources */,
			);
			buildRules = (
			);
			dependencies = (
				6DF3EEC51CB8CA410098A6DB /* PBXTargetDependency */,
			);
			name = RecycleM8UITests;
			productName = RecycleM8UITests;
			productReference = 6DF3EEC31CB8CA410098A6DB /* RecycleM8UITests.xctest */;
			productType = "com.apple.product-type.bundle.ui-testing";
		};
/* End PBXNativeTarget section */

/* Begin PBXProject section */
		6DF3EE9C1CB8CA410098A6DB /* Project object */ = {
			isa = PBXProject;
			attributes = {
				LastSwiftUpdateCheck = 0730;
				LastUpgradeCheck = 0730;
				ORGANIZATIONNAME = "Alexander Kyei";
				TargetAttributes = {
					6DF3EEA31CB8CA410098A6DB = {
						CreatedOnToolsVersion = 7.3;
						DevelopmentTeam = 6AH3N7F3QP;
					};
					6DF3EEB71CB8CA410098A6DB = {
						CreatedOnToolsVersion = 7.3;
						DevelopmentTeam = 6AH3N7F3QP;
						TestTargetID = 6DF3EEA31CB8CA410098A6DB;
					};
					6DF3EEC21CB8CA410098A6DB = {
						CreatedOnToolsVersion = 7.3;
						DevelopmentTeam = 6AH3N7F3QP;
						TestTargetID = 6DF3EEA31CB8CA410098A6DB;
					};
				};
			};
			buildConfigurationList = 6DF3EE9F1CB8CA410098A6DB /* Build configuration list for PBXProject "RecycleM8" */;
			compatibilityVersion = "Xcode 3.2";
			developmentRegion = English;
			hasScannedForEncodings = 0;
			knownRegions = (
				en,
				Base,
			);
			mainGroup = 6DF3EE9B1CB8CA410098A6DB;
			productRefGroup = 6DF3EEA51CB8CA410098A6DB /* Products */;
			projectDirPath = "";
			projectRoot = "";
			targets = (
				6DF3EEA31CB8CA410098A6DB /* RecycleM8 */,
				6DF3EEB71CB8CA410098A6DB /* RecycleM8Tests */,
				6DF3EEC21CB8CA410098A6DB /* RecycleM8UITests */,
			);
		};
/* End PBXProject section */

/* Begin PBXResourcesBuildPhase section */
		6DF3EEA21CB8CA410098A6DB /* Resources */ = {
			isa = PBXResourcesBuildPhase;
			buildActionMask = 2147483647;
			files = (
				6DF3EEB21CB8CA410098A6DB /* LaunchScreen.storyboard in Resources */,
				6DF3EEAF1CB8CA410098A6DB /* Assets.xcassets in Resources */,
				6DF3EEDD1CB94FCA0098A6DB /* vvCustomTableViewCell.xib in Resources */,
				6DF3EEAD1CB8CA410098A6DB /* Main.storyboard in Resources */,
				6DCB17A91CB9EA8E003C8604 /* CustomizableCamera in Resources */,
			);
			runOnlyForDeploymentPostprocessing = 0;
		};
		6DF3EEB61CB8CA410098A6DB /* Resources */ = {
			isa = PBXResourcesBuildPhase;
			buildActionMask = 2147483647;
			files = (
			);
			runOnlyForDeploymentPostprocessing = 0;
		};
		6DF3EEC11CB8CA410098A6DB /* Resources */ = {
			isa = PBXResourcesBuildPhase;
			buildActionMask = 2147483647;
			files = (
			);
			runOnlyForDeploymentPostprocessing = 0;
		};
/* End PBXResourcesBuildPhase section */

/* Begin PBXShellScriptBuildPhase section */
		2DAC2226BB7A201B9E65AEDF /* Copy Pods Resources */ = {
			isa = PBXShellScriptBuildPhase;
			buildActionMask = 2147483647;
			files = (
			);
			inputPaths = (
			);
			name = "Copy Pods Resources";
			outputPaths = (
			);
			runOnlyForDeploymentPostprocessing = 0;
			shellPath = /bin/sh;
			shellScript = "\"${SRCROOT}/Pods/Target Support Files/Pods/Pods-resources.sh\"\n";
			showEnvVarsInLog = 0;
		};
		AE3AB268BD7166924E13CBAB /* Check Pods Manifest.lock */ = {
			isa = PBXShellScriptBuildPhase;
			buildActionMask = 2147483647;
			files = (
			);
			inputPaths = (
			);
			name = "Check Pods Manifest.lock";
			outputPaths = (
			);
			runOnlyForDeploymentPostprocessing = 0;
			shellPath = /bin/sh;
			shellScript = "diff \"${PODS_ROOT}/../Podfile.lock\" \"${PODS_ROOT}/Manifest.lock\" > /dev/null\nif [[ $? != 0 ]] ; then\n    cat << EOM\nerror: The sandbox is not in sync with the Podfile.lock. Run 'pod install' or update your CocoaPods installation.\nEOM\n    exit 1\nfi\n";
			showEnvVarsInLog = 0;
		};
		EBFF487991DC1302D49D5A6B /* Embed Pods Frameworks */ = {
			isa = PBXShellScriptBuildPhase;
			buildActionMask = 2147483647;
			files = (
			);
			inputPaths = (
			);
			name = "Embed Pods Frameworks";
			outputPaths = (
			);
			runOnlyForDeploymentPostprocessing = 0;
			shellPath = /bin/sh;
			shellScript = "\"${SRCROOT}/Pods/Target Support Files/Pods/Pods-frameworks.sh\"\n";
			showEnvVarsInLog = 0;
		};
/* End PBXShellScriptBuildPhase section */

/* Begin PBXSourcesBuildPhase section */
		6DF3EEA01CB8CA410098A6DB /* Sources */ = {
			isa = PBXSourcesBuildPhase;
			buildActionMask = 2147483647;
			files = (
				6DCB17BD1CB9F610003C8604 /* CameraShutterButton.m in Sources */,
				6DCB17D71CBA5555003C8604 /* MyTableViewController.m in Sources */,
				6DCB17BA1CB9F610003C8604 /* CameraDismissButton.m in Sources */,
				6DCB17CD1CBA3018003C8604 /* SearchController.swift in Sources */,
				6DCB17D61CBA5555003C8604 /* MapViewController.m in Sources */,
				6DCB17B21CB9F5E4003C8604 /* CameraStyleKitClass.m in Sources */,
				6DCB17BC1CB9F610003C8604 /* CameraFocalReticule.m in Sources */,
				6DCB17AE1CB9F5CB003C8604 /* CameraSessionView.m in Sources */,
				6DCB17D81CBA5555003C8604 /* PlaceAnnotation.m in Sources */,
				6DCB17C01CB9F610003C8604 /* Constants.m in Sources */,
				6DCB17BB1CB9F610003C8604 /* CameraFlashButton.m in Sources */,
				6DF3EED91CB90DF70098A6DB /* DetermineItemController.swift in Sources */,
				6DCB17BF1CB9F610003C8604 /* LaunchCameraButton.m in Sources */,
				6DF3EEE11CB9B2C10098A6DB /* CustomTableViewCell.swift in Sources */,
				6DF3EEAA1CB8CA410098A6DB /* ViewController.swift in Sources */,
				6DCB17C21CB9F6B1003C8604 /* DefaultController.swift in Sources */,
				6DF3EED61CB901B90098A6DB /* MapViewController.swift in Sources */,
				6DF3EEA81CB8CA410098A6DB /* AppDelegate.swift in Sources */,
				6DCB17B01CB9F5DC003C8604 /* CaptureSessionManager.m in Sources */,
				6DCB17BE1CB9F610003C8604 /* CameraToggleButton.m in Sources */,
			);
			runOnlyForDeploymentPostprocessing = 0;
		};
		6DF3EEB41CB8CA410098A6DB /* Sources */ = {
			isa = PBXSourcesBuildPhase;
			buildActionMask = 2147483647;
			files = (
				6DF3EEBD1CB8CA410098A6DB /* RecycleM8Tests.swift in Sources */,
			);
			runOnlyForDeploymentPostprocessing = 0;
		};
		6DF3EEBF1CB8CA410098A6DB /* Sources */ = {
			isa = PBXSourcesBuildPhase;
			buildActionMask = 2147483647;
			files = (
				6DF3EEC81CB8CA410098A6DB /* RecycleM8UITests.swift in Sources */,
			);
			runOnlyForDeploymentPostprocessing = 0;
		};
/* End PBXSourcesBuildPhase section */

/* Begin PBXTargetDependency section */
		6DF3EEBA1CB8CA410098A6DB /* PBXTargetDependency */ = {
			isa = PBXTargetDependency;
			target = 6DF3EEA31CB8CA410098A6DB /* RecycleM8 */;
			targetProxy = 6DF3EEB91CB8CA410098A6DB /* PBXContainerItemProxy */;
		};
		6DF3EEC51CB8CA410098A6DB /* PBXTargetDependency */ = {
			isa = PBXTargetDependency;
			target = 6DF3EEA31CB8CA410098A6DB /* RecycleM8 */;
			targetProxy = 6DF3EEC41CB8CA410098A6DB /* PBXContainerItemProxy */;
		};
/* End PBXTargetDependency section */

/* Begin PBXVariantGroup section */
		6DF3EEAB1CB8CA410098A6DB /* Main.storyboard */ = {
			isa = PBXVariantGroup;
			children = (
				6DF3EEAC1CB8CA410098A6DB /* Base */,
			);
			name = Main.storyboard;
			sourceTree = "<group>";
		};
		6DF3EEB01CB8CA410098A6DB /* LaunchScreen.storyboard */ = {
			isa = PBXVariantGroup;
			children = (
				6DF3EEB11CB8CA410098A6DB /* Base */,
			);
			name = LaunchScreen.storyboard;
			sourceTree = "<group>";
		};
/* End PBXVariantGroup section */

/* Begin XCBuildConfiguration section */
		6DF3EECA1CB8CA410098A6DB /* Debug */ = {
			isa = XCBuildConfiguration;
			buildSettings = {
				ALWAYS_SEARCH_USER_PATHS = NO;
				CLANG_ANALYZER_NONNULL = YES;
				CLANG_CXX_LANGUAGE_STANDARD = "gnu++0x";
				CLANG_CXX_LIBRARY = "libc++";
				CLANG_ENABLE_MODULES = YES;
				CLANG_ENABLE_OBJC_ARC = YES;
				CLANG_WARN_BOOL_CONVERSION = YES;
				CLANG_WARN_CONSTANT_CONVERSION = YES;
				CLANG_WARN_DIRECT_OBJC_ISA_USAGE = YES_ERROR;
				CLANG_WARN_EMPTY_BODY = YES;
				CLANG_WARN_ENUM_CONVERSION = YES;
				CLANG_WARN_INT_CONVERSION = YES;
				CLANG_WARN_OBJC_ROOT_CLASS = YES_ERROR;
				CLANG_WARN_UNREACHABLE_CODE = YES;
				CLANG_WARN__DUPLICATE_METHOD_MATCH = YES;
				"CODE_SIGN_IDENTITY[sdk=iphoneos*]" = "iPhone Developer";
				COPY_PHASE_STRIP = NO;
				DEBUG_INFORMATION_FORMAT = dwarf;
				ENABLE_STRICT_OBJC_MSGSEND = YES;
				ENABLE_TESTABILITY = YES;
				GCC_C_LANGUAGE_STANDARD = gnu99;
				GCC_DYNAMIC_NO_PIC = NO;
				GCC_NO_COMMON_BLOCKS = YES;
				GCC_OPTIMIZATION_LEVEL = 0;
				GCC_PREPROCESSOR_DEFINITIONS = (
					"DEBUG=1",
					"$(inherited)",
				);
				GCC_WARN_64_TO_32_BIT_CONVERSION = YES;
				GCC_WARN_ABOUT_RETURN_TYPE = YES_ERROR;
				GCC_WARN_UNDECLARED_SELECTOR = YES;
				GCC_WARN_UNINITIALIZED_AUTOS = YES_AGGRESSIVE;
				GCC_WARN_UNUSED_FUNCTION = YES;
				GCC_WARN_UNUSED_VARIABLE = YES;
				IPHONEOS_DEPLOYMENT_TARGET = 9.3;
				MTL_ENABLE_DEBUG_INFO = YES;
				ONLY_ACTIVE_ARCH = YES;
				OTHER_LDFLAGS = "";
				SDKROOT = iphoneos;
				SWIFT_OPTIMIZATION_LEVEL = "-Onone";
				USER_HEADER_SEARCH_PATHS = "";
			};
			name = Debug;
		};
		6DF3EECB1CB8CA410098A6DB /* Release */ = {
			isa = XCBuildConfiguration;
			buildSettings = {
				ALWAYS_SEARCH_USER_PATHS = NO;
				CLANG_ANALYZER_NONNULL = YES;
				CLANG_CXX_LANGUAGE_STANDARD = "gnu++0x";
				CLANG_CXX_LIBRARY = "libc++";
				CLANG_ENABLE_MODULES = YES;
				CLANG_ENABLE_OBJC_ARC = YES;
				CLANG_WARN_BOOL_CONVERSION = YES;
				CLANG_WARN_CONSTANT_CONVERSION = YES;
				CLANG_WARN_DIRECT_OBJC_ISA_USAGE = YES_ERROR;
				CLANG_WARN_EMPTY_BODY = YES;
				CLANG_WARN_ENUM_CONVERSION = YES;
				CLANG_WARN_INT_CONVERSION = YES;
				CLANG_WARN_OBJC_ROOT_CLASS = YES_ERROR;
				CLANG_WARN_UNREACHABLE_CODE = YES;
				CLANG_WARN__DUPLICATE_METHOD_MATCH = YES;
				"CODE_SIGN_IDENTITY[sdk=iphoneos*]" = "iPhone Developer";
				COPY_PHASE_STRIP = NO;
				DEBUG_INFORMATION_FORMAT = "dwarf-with-dsym";
				ENABLE_NS_ASSERTIONS = NO;
				ENABLE_STRICT_OBJC_MSGSEND = YES;
				GCC_C_LANGUAGE_STANDARD = gnu99;
				GCC_NO_COMMON_BLOCKS = YES;
				GCC_WARN_64_TO_32_BIT_CONVERSION = YES;
				GCC_WARN_ABOUT_RETURN_TYPE = YES_ERROR;
				GCC_WARN_UNDECLARED_SELECTOR = YES;
				GCC_WARN_UNINITIALIZED_AUTOS = YES_AGGRESSIVE;
				GCC_WARN_UNUSED_FUNCTION = YES;
				GCC_WARN_UNUSED_VARIABLE = YES;
				IPHONEOS_DEPLOYMENT_TARGET = 9.3;
				MTL_ENABLE_DEBUG_INFO = NO;
				OTHER_LDFLAGS = "";
				SDKROOT = iphoneos;
				USER_HEADER_SEARCH_PATHS = "";
				VALIDATE_PRODUCT = YES;
			};
			name = Release;
		};
		6DF3EECD1CB8CA410098A6DB /* Debug */ = {
			isa = XCBuildConfiguration;
			baseConfigurationReference = AE6BCB946ADEAF18478615DB /* Pods.debug.xcconfig */;
			buildSettings = {
				ASSETCATALOG_COMPILER_APPICON_NAME = AppIcon;
				GCC_SYMBOLS_PRIVATE_EXTERN = YES;
				INFOPLIST_FILE = RecycleM8/Info.plist;
				LD_RUNPATH_SEARCH_PATHS = "$(inherited) @executable_path/Frameworks";
				PRODUCT_BUNDLE_IDENTIFIER = me.RecycleM8;
				PRODUCT_NAME = "$(TARGET_NAME)";
				SWIFT_OBJC_BRIDGING_HEADER = "$(PROJECT_DIR)/RecycleM8/CustomizableCamera-Bridging-Header.h";
				USER_HEADER_SEARCH_PATHS = "$(PROJECT_DIR)/RecycleM8/**";
			};
			name = Debug;
		};
		6DF3EECE1CB8CA410098A6DB /* Release */ = {
			isa = XCBuildConfiguration;
			baseConfigurationReference = 38EC0958608EE773540BA714 /* Pods.release.xcconfig */;
			buildSettings = {
				ASSETCATALOG_COMPILER_APPICON_NAME = AppIcon;
				GCC_SYMBOLS_PRIVATE_EXTERN = YES;
				INFOPLIST_FILE = RecycleM8/Info.plist;
				LD_RUNPATH_SEARCH_PATHS = "$(inherited) @executable_path/Frameworks";
				PRODUCT_BUNDLE_IDENTIFIER = me.RecycleM8;
				PRODUCT_NAME = "$(TARGET_NAME)";
				SWIFT_OBJC_BRIDGING_HEADER = "$(PROJECT_DIR)/RecycleM8/CustomizableCamera-Bridging-Header.h";
				USER_HEADER_SEARCH_PATHS = "$(PROJECT_DIR)/RecycleM8/**";
			};
			name = Release;
		};
		6DF3EED01CB8CA410098A6DB /* Debug */ = {
			isa = XCBuildConfiguration;
			buildSettings = {
				BUNDLE_LOADER = "$(TEST_HOST)";
				INFOPLIST_FILE = RecycleM8Tests/Info.plist;
				LD_RUNPATH_SEARCH_PATHS = "$(inherited) @executable_path/Frameworks @loader_path/Frameworks";
				PRODUCT_BUNDLE_IDENTIFIER = me.RecycleM8Tests;
				PRODUCT_NAME = "$(TARGET_NAME)";
				TEST_HOST = "$(BUILT_PRODUCTS_DIR)/RecycleM8.app/RecycleM8";
			};
			name = Debug;
		};
		6DF3EED11CB8CA410098A6DB /* Release */ = {
			isa = XCBuildConfiguration;
			buildSettings = {
				BUNDLE_LOADER = "$(TEST_HOST)";
				INFOPLIST_FILE = RecycleM8Tests/Info.plist;
				LD_RUNPATH_SEARCH_PATHS = "$(inherited) @executable_path/Frameworks @loader_path/Frameworks";
				PRODUCT_BUNDLE_IDENTIFIER = me.RecycleM8Tests;
				PRODUCT_NAME = "$(TARGET_NAME)";
				TEST_HOST = "$(BUILT_PRODUCTS_DIR)/RecycleM8.app/RecycleM8";
			};
			name = Release;
		};
		6DF3EED31CB8CA410098A6DB /* Debug */ = {
			isa = XCBuildConfiguration;
			buildSettings = {
				INFOPLIST_FILE = RecycleM8UITests/Info.plist;
				LD_RUNPATH_SEARCH_PATHS = "$(inherited) @executable_path/Frameworks @loader_path/Frameworks";
				PRODUCT_BUNDLE_IDENTIFIER = me.RecycleM8UITests;
				PRODUCT_NAME = "$(TARGET_NAME)";
				TEST_TARGET_NAME = RecycleM8;
			};
			name = Debug;
		};
		6DF3EED41CB8CA410098A6DB /* Release */ = {
			isa = XCBuildConfiguration;
			buildSettings = {
				INFOPLIST_FILE = RecycleM8UITests/Info.plist;
				LD_RUNPATH_SEARCH_PATHS = "$(inherited) @executable_path/Frameworks @loader_path/Frameworks";
				PRODUCT_BUNDLE_IDENTIFIER = me.RecycleM8UITests;
				PRODUCT_NAME = "$(TARGET_NAME)";
				TEST_TARGET_NAME = RecycleM8;
			};
			name = Release;
		};
/* End XCBuildConfiguration section */

/* Begin XCConfigurationList section */
		6DF3EE9F1CB8CA410098A6DB /* Build configuration list for PBXProject "RecycleM8" */ = {
			isa = XCConfigurationList;
			buildConfigurations = (
				6DF3EECA1CB8CA410098A6DB /* Debug */,
				6DF3EECB1CB8CA410098A6DB /* Release */,
			);
			defaultConfigurationIsVisible = 0;
			defaultConfigurationName = Release;
		};
		6DF3EECC1CB8CA410098A6DB /* Build configuration list for PBXNativeTarget "RecycleM8" */ = {
			isa = XCConfigurationList;
			buildConfigurations = (
				6DF3EECD1CB8CA410098A6DB /* Debug */,
				6DF3EECE1CB8CA410098A6DB /* Release */,
			);
			defaultConfigurationIsVisible = 0;
			defaultConfigurationName = Release;
		};
		6DF3EECF1CB8CA410098A6DB /* Build configuration list for PBXNativeTarget "RecycleM8Tests" */ = {
			isa = XCConfigurationList;
			buildConfigurations = (
				6DF3EED01CB8CA410098A6DB /* Debug */,
				6DF3EED11CB8CA410098A6DB /* Release */,
			);
			defaultConfigurationIsVisible = 0;
			defaultConfigurationName = Release;
		};
		6DF3EED21CB8CA410098A6DB /* Build configuration list for PBXNativeTarget "RecycleM8UITests" */ = {
			isa = XCConfigurationList;
			buildConfigurations = (
				6DF3EED31CB8CA410098A6DB /* Debug */,
				6DF3EED41CB8CA410098A6DB /* Release */,
			);
			defaultConfigurationIsVisible = 0;
			defaultConfigurationName = Release;
		};
/* End XCConfigurationList section */
	};
	rootObject = 6DF3EE9C1CB8CA410098A6DB /* Project object */;
}
